
Microsoft Visual Studio Solution File, Format Version 12.00
# Visual Studio Version 16
VisualStudioVersion = 16.0.29102.190
MinimumVisualStudioVersion = 10.0.40219.1
Project("{FAE04EC0-301F-11D3-BF4B-00C04F79EFBC}") = "PersistantAndNonPersistentCookies", "PersistantAndNonPersistentCookies.csproj", "{79954161-BBD9-43D0-9BF9-AE6788499A37}"
EndProject
Project("{FAE04EC0-301F-11D3-BF4B-00C04F79EFBC}") = "ImplementingIDisposable", "..\ImplementingIDisposable\ImplementingIDisposable.csproj", "{2511FFF3-5176-45E5-8307-970821B13B34}"
EndProject
Global
	GlobalSection(SolutionConfigurationPlatforms) = preSolution
		Debug|Any CPU = Debug|Any CPU
		Release|Any CPU = Release|Any CPU
	EndGlobalSection
	GlobalSection(ProjectConfigurationPlatforms) = postSolution
		{79954161-BBD9-43D0-9BF9-AE6788499A37}.Debug|Any CPU.ActiveCfg = Debug|Any CPU
		{79954161-BBD9-43D0-9BF9-AE6788499A37}.Debug|Any CPU.Build.0 = Debug|Any CPU
		{79954161-BBD9-43D0-9BF9-AE6788499A37}.Release|Any CPU.ActiveCfg = Release|Any CPU
		{79954161-BBD9-43D0-9BF9-AE6788499A37}.Release|Any CPU.Build.0 = Release|Any CPU
		{2511FFF3-5176-45E5-8307-970821B13B34}.Debug|Any CPU.ActiveCfg = Debug|Any CPU
		{2511FFF3-5176-45E5-8307-970821B13B34}.Debug|Any CPU.Build.0 = Debug|Any CPU
		{2511FFF3-5176-45E5-8307-970821B13B34}.Release|Any CPU.ActiveCfg = Release|Any CPU
		{2511FFF3-5176-45E5-8307-970821B13B34}.Release|Any CPU.Build.0 = Release|Any CPU
	EndGlobalSection
	GlobalSection(SolutionProperties) = preSolution
		HideSolutionNode = FALSE
	EndGlobalSection
	GlobalSection(ExtensibilityGlobals) = postSolution
		SolutionGuid = {99A76D34-8E54-417E-A3F7-153A2A61BE85}
	EndGlobalSection
EndGlobal
